
Microsoft Visual Studio Solution File, Format Version 12.00
# Visual Studio Version 16
VisualStudioVersion = 16.0.31624.102
MinimumVisualStudioVersion = 10.0.40219.1
Project("{FAE04EC0-301F-11D3-BF4B-00C04F79EFBC}") = "Class-Constructor", "Object_Oriented_Programming\Class-Constructor.csproj", "{A2051B08-910C-4722-9EB1-4238F924B1F4}"
EndProject
Project("{FAE04EC0-301F-11D3-BF4B-00C04F79EFBC}") = "İnheritance", "İnheritance\İnheritance.csproj", "{73CC8C5E-6FAB-4BC1-9533-B798F094D5AC}"
EndProject
Project("{FAE04EC0-301F-11D3-BF4B-00C04F79EFBC}") = "Encapsülation", "Encapsülation\Encapsülation.csproj", "{21D1432A-32B6-436D-88CA-BDA43C61D5B1}"
EndProject
Project("{FAE04EC0-301F-11D3-BF4B-00C04F79EFBC}") = "Abstraction", "Abstraction\Abstraction.csproj", "{502AA6A8-21B9-412B-BCDE-37E39694E339}"
EndProject
Project("{FAE04EC0-301F-11D3-BF4B-00C04F79EFBC}") = "Repository Pattern", "Repository Pattern\Repository Pattern.csproj", "{46FE329C-A1D3-472E-9AEA-36B4BBDBAF6B}"
EndProject
Project("{FAE04EC0-301F-11D3-BF4B-00C04F79EFBC}") = "PayToBill_StaticMethod", "PayToBill_StaticMethod\PayToBill_StaticMethod.csproj", "{ECCB3042-8F14-4AA5-A5B0-BEC0C88D172E}"
EndProject
Project("{FAE04EC0-301F-11D3-BF4B-00C04F79EFBC}") = "Abstraction_Example2", "İnheritance_Example2\Abstraction_Example2.csproj", "{6CA95D46-A3B9-4CDC-AE19-7EFF8613D909}"
EndProject
Project("{2150E333-8FDC-42A3-9474-1A3956D46DE8}") = "Abstraction", "Abstraction", "{B6E4A1D2-1D1A-4C1A-82D2-41266B732D43}"
EndProject
Global
	GlobalSection(SolutionConfigurationPlatforms) = preSolution
		Debug|Any CPU = Debug|Any CPU
		Release|Any CPU = Release|Any CPU
	EndGlobalSection
	GlobalSection(ProjectConfigurationPlatforms) = postSolution
		{A2051B08-910C-4722-9EB1-4238F924B1F4}.Debug|Any CPU.ActiveCfg = Debug|Any CPU
		{A2051B08-910C-4722-9EB1-4238F924B1F4}.Debug|Any CPU.Build.0 = Debug|Any CPU
		{A2051B08-910C-4722-9EB1-4238F924B1F4}.Release|Any CPU.ActiveCfg = Release|Any CPU
		{A2051B08-910C-4722-9EB1-4238F924B1F4}.Release|Any CPU.Build.0 = Release|Any CPU
		{73CC8C5E-6FAB-4BC1-9533-B798F094D5AC}.Debug|Any CPU.ActiveCfg = Debug|Any CPU
		{73CC8C5E-6FAB-4BC1-9533-B798F094D5AC}.Debug|Any CPU.Build.0 = Debug|Any CPU
		{73CC8C5E-6FAB-4BC1-9533-B798F094D5AC}.Release|Any CPU.ActiveCfg = Release|Any CPU
		{73CC8C5E-6FAB-4BC1-9533-B798F094D5AC}.Release|Any CPU.Build.0 = Release|Any CPU
		{21D1432A-32B6-436D-88CA-BDA43C61D5B1}.Debug|Any CPU.ActiveCfg = Debug|Any CPU
		{21D1432A-32B6-436D-88CA-BDA43C61D5B1}.Debug|Any CPU.Build.0 = Debug|Any CPU
		{21D1432A-32B6-436D-88CA-BDA43C61D5B1}.Release|Any CPU.ActiveCfg = Release|Any CPU
		{21D1432A-32B6-436D-88CA-BDA43C61D5B1}.Release|Any CPU.Build.0 = Release|Any CPU
		{502AA6A8-21B9-412B-BCDE-37E39694E339}.Debug|Any CPU.ActiveCfg = Debug|Any CPU
		{502AA6A8-21B9-412B-BCDE-37E39694E339}.Debug|Any CPU.Build.0 = Debug|Any CPU
		{502AA6A8-21B9-412B-BCDE-37E39694E339}.Release|Any CPU.ActiveCfg = Release|Any CPU
		{502AA6A8-21B9-412B-BCDE-37E39694E339}.Release|Any CPU.Build.0 = Release|Any CPU
		{46FE329C-A1D3-472E-9AEA-36B4BBDBAF6B}.Debug|Any CPU.ActiveCfg = Debug|Any CPU
		{46FE329C-A1D3-472E-9AEA-36B4BBDBAF6B}.Debug|Any CPU.Build.0 = Debug|Any CPU
		{46FE329C-A1D3-472E-9AEA-36B4BBDBAF6B}.Release|Any CPU.ActiveCfg = Release|Any CPU
		{46FE329C-A1D3-472E-9AEA-36B4BBDBAF6B}.Release|Any CPU.Build.0 = Release|Any CPU
		{ECCB3042-8F14-4AA5-A5B0-BEC0C88D172E}.Debug|Any CPU.ActiveCfg = Debug|Any CPU
		{ECCB3042-8F14-4AA5-A5B0-BEC0C88D172E}.Debug|Any CPU.Build.0 = Debug|Any CPU
		{ECCB3042-8F14-4AA5-A5B0-BEC0C88D172E}.Release|Any CPU.ActiveCfg = Release|Any CPU
		{ECCB3042-8F14-4AA5-A5B0-BEC0C88D172E}.Release|Any CPU.Build.0 = Release|Any CPU
		{6CA95D46-A3B9-4CDC-AE19-7EFF8613D909}.Debug|Any CPU.ActiveCfg = Debug|Any CPU
		{6CA95D46-A3B9-4CDC-AE19-7EFF8613D909}.Debug|Any CPU.Build.0 = Debug|Any CPU
		{6CA95D46-A3B9-4CDC-AE19-7EFF8613D909}.Release|Any CPU.ActiveCfg = Release|Any CPU
		{6CA95D46-A3B9-4CDC-AE19-7EFF8613D909}.Release|Any CPU.Build.0 = Release|Any CPU
	EndGlobalSection
	GlobalSection(SolutionProperties) = preSolution
		HideSolutionNode = FALSE
	EndGlobalSection
	GlobalSection(NestedProjects) = preSolution
		{502AA6A8-21B9-412B-BCDE-37E39694E339} = {B6E4A1D2-1D1A-4C1A-82D2-41266B732D43}
		{6CA95D46-A3B9-4CDC-AE19-7EFF8613D909} = {B6E4A1D2-1D1A-4C1A-82D2-41266B732D43}
	EndGlobalSection
	GlobalSection(ExtensibilityGlobals) = postSolution
		SolutionGuid = {BCED687E-18BA-4DE7-877D-355BC4035B71}
	EndGlobalSection
EndGlobal
